// !$*UTF8*$!
{
	archiveVersion = 1;
	classes = {
	};
	objectVersion = 46;
	objects = {

/* Begin PBXBuildFile section */
		4F10BEDC1816DA0B0000C3A6 /* HGMenuBarController.m in Sources */ = {isa = PBXBuildFile; fileRef = 4F10BEDB1816DA0B0000C3A6 /* HGMenuBarController.m */; };
		4F10BEE11816EE090000C3A6 /* HGBackgroundView.m in Sources */ = {isa = PBXBuildFile; fileRef = 4F10BEE01816EE090000C3A6 /* HGBackgroundView.m */; };
		4F10BEE51817047A0000C3A6 /* HGPanelController.m in Sources */ = {isa = PBXBuildFile; fileRef = 4F10BEE31817047A0000C3A6 /* HGPanelController.m */; };
		4F10BEE61817047A0000C3A6 /* HGPanel.xib in Resources */ = {isa = PBXBuildFile; fileRef = 4F10BEE41817047A0000C3A6 /* HGPanel.xib */; };
		4F3130FD18732B9200BD276F /* Cocoa.framework in Frameworks */ = {isa = PBXBuildFile; fileRef = 4F7E5F60180AECC7003E54A8 /* Cocoa.framework */; };
		4F68A8491826A308009E8FE7 /* HGTask.m in Sources */ = {isa = PBXBuildFile; fileRef = 4F68A8481826A308009E8FE7 /* HGTask.m */; };
		4F73FB7F187320640004B856 /* icon-add-default.png in Resources */ = {isa = PBXBuildFile; fileRef = 4F73FB69187320640004B856 /* icon-add-default.png */; };
		4F73FB80187320640004B856 /* icon-add-default@2x.png in Resources */ = {isa = PBXBuildFile; fileRef = 4F73FB6A187320640004B856 /* icon-add-default@2x.png */; };
		4F73FB81187320640004B856 /* icon-add-pressed.png in Resources */ = {isa = PBXBuildFile; fileRef = 4F73FB6B187320640004B856 /* icon-add-pressed.png */; };
		4F73FB82187320640004B856 /* icon-add-pressed@2x.png in Resources */ = {isa = PBXBuildFile; fileRef = 4F73FB6C187320640004B856 /* icon-add-pressed@2x.png */; };
		4F73FB83187320640004B856 /* icon-delete-active.png in Resources */ = {isa = PBXBuildFile; fileRef = 4F73FB6D187320640004B856 /* icon-delete-active.png */; };
		4F73FB84187320640004B856 /* icon-delete-active@2x.png in Resources */ = {isa = PBXBuildFile; fileRef = 4F73FB6E187320640004B856 /* icon-delete-active@2x.png */; };
		4F73FB85187320640004B856 /* icon-delete-passive.png in Resources */ = {isa = PBXBuildFile; fileRef = 4F73FB6F187320640004B856 /* icon-delete-passive.png */; };
		4F73FB86187320640004B856 /* icon-delete-passive@2x.png in Resources */ = {isa = PBXBuildFile; fileRef = 4F73FB70187320640004B856 /* icon-delete-passive@2x.png */; };
		4F73FB87187320640004B856 /* icon-list-default.png in Resources */ = {isa = PBXBuildFile; fileRef = 4F73FB71187320640004B856 /* icon-list-default.png */; };
		4F73FB88187320640004B856 /* icon-list-default@2x.png in Resources */ = {isa = PBXBuildFile; fileRef = 4F73FB72187320640004B856 /* icon-list-default@2x.png */; };
		4F73FB89187320640004B856 /* icon-list-hover.png in Resources */ = {isa = PBXBuildFile; fileRef = 4F73FB73187320640004B856 /* icon-list-hover.png */; };
		4F73FB8A187320640004B856 /* icon-list-hover@2x.png in Resources */ = {isa = PBXBuildFile; fileRef = 4F73FB74187320640004B856 /* icon-list-hover@2x.png */; };
		4F73FB8B187320640004B856 /* icon-list-pressed.png in Resources */ = {isa = PBXBuildFile; fileRef = 4F73FB75187320640004B856 /* icon-list-pressed.png */; };
		4F73FB8C187320640004B856 /* icon-list-pressed@2x.png in Resources */ = {isa = PBXBuildFile; fileRef = 4F73FB76187320640004B856 /* icon-list-pressed@2x.png */; };
		4F73FB8D187320640004B856 /* icon-pause-active.png in Resources */ = {isa = PBXBuildFile; fileRef = 4F73FB77187320640004B856 /* icon-pause-active.png */; };
		4F73FB8E187320640004B856 /* icon-pause-active@2x.png in Resources */ = {isa = PBXBuildFile; fileRef = 4F73FB78187320640004B856 /* icon-pause-active@2x.png */; };
		4F73FB8F187320640004B856 /* icon-play-active.png in Resources */ = {isa = PBXBuildFile; fileRef = 4F73FB79187320640004B856 /* icon-play-active.png */; };
		4F73FB90187320640004B856 /* icon-play-active@2x.png in Resources */ = {isa = PBXBuildFile; fileRef = 4F73FB7A187320640004B856 /* icon-play-active@2x.png */; };
		4F73FB91187320640004B856 /* icon-play-passive.png in Resources */ = {isa = PBXBuildFile; fileRef = 4F73FB7B187320640004B856 /* icon-play-passive.png */; };
		4F73FB92187320640004B856 /* icon-play-passive@2x.png in Resources */ = {isa = PBXBuildFile; fileRef = 4F73FB7C187320640004B856 /* icon-play-passive@2x.png */; };
		4F73FB93187320640004B856 /* icon-today-pressed.png in Resources */ = {isa = PBXBuildFile; fileRef = 4F73FB7D187320640004B856 /* icon-today-pressed.png */; };
		4F73FB94187320640004B856 /* icon-today-pressed@2x.png in Resources */ = {isa = PBXBuildFile; fileRef = 4F73FB7E187320640004B856 /* icon-today-pressed@2x.png */; };
		4F7E5F6B180AECC7003E54A8 /* InfoPlist.strings in Resources */ = {isa = PBXBuildFile; fileRef = 4F7E5F69180AECC7003E54A8 /* InfoPlist.strings */; };
		4F7E5F6D180AECC7003E54A8 /* main.m in Sources */ = {isa = PBXBuildFile; fileRef = 4F7E5F6C180AECC7003E54A8 /* main.m */; };
		4F7E5F71180AECC7003E54A8 /* Credits.rtf in Resources */ = {isa = PBXBuildFile; fileRef = 4F7E5F6F180AECC7003E54A8 /* Credits.rtf */; };
		4F7E5F74180AECC7003E54A8 /* HGAppDelegate.m in Sources */ = {isa = PBXBuildFile; fileRef = 4F7E5F73180AECC7003E54A8 /* HGAppDelegate.m */; };
		4F7E5F77180AECC7003E54A8 /* MainMenu.xib in Resources */ = {isa = PBXBuildFile; fileRef = 4F7E5F75180AECC7003E54A8 /* MainMenu.xib */; };
		4F7E5F7A180AECC7003E54A8 /* hourglass.xcdatamodeld in Sources */ = {isa = PBXBuildFile; fileRef = 4F7E5F78180AECC7003E54A8 /* hourglass.xcdatamodeld */; };
		4F7E5F7C180AECC7003E54A8 /* Images.xcassets in Resources */ = {isa = PBXBuildFile; fileRef = 4F7E5F7B180AECC7003E54A8 /* Images.xcassets */; };
		4F7E5F83180AECC7003E54A8 /* XCTest.framework in Frameworks */ = {isa = PBXBuildFile; fileRef = 4F7E5F82180AECC7003E54A8 /* XCTest.framework */; };
		4F7E5F84180AECC7003E54A8 /* Cocoa.framework in Frameworks */ = {isa = PBXBuildFile; fileRef = 4F7E5F60180AECC7003E54A8 /* Cocoa.framework */; };
		4F7E5F8C180AECC7003E54A8 /* InfoPlist.strings in Resources */ = {isa = PBXBuildFile; fileRef = 4F7E5F8A180AECC7003E54A8 /* InfoPlist.strings */; };
		4F7E5F8E180AECC7003E54A8 /* hourglassTests.m in Sources */ = {isa = PBXBuildFile; fileRef = 4F7E5F8D180AECC7003E54A8 /* hourglassTests.m */; };
		4F7E5F9D180AF0E8003E54A8 /* HGPanel.m in Sources */ = {isa = PBXBuildFile; fileRef = 4F7E5F9C180AF0E8003E54A8 /* HGPanel.m */; };
		4F7E5FA0180AF3DD003E54A8 /* HGStatusItemView.m in Sources */ = {isa = PBXBuildFile; fileRef = 4F7E5F9F180AF3DD003E54A8 /* HGStatusItemView.m */; };
		4F93ED3E1872273000486056 /* QuartzCore.framework in Frameworks */ = {isa = PBXBuildFile; fileRef = 4F93ED3D1872273000486056 /* QuartzCore.framework */; };
		4FBC756F188EB29A00417E13 /* menu-bar-icon-active.png in Resources */ = {isa = PBXBuildFile; fileRef = 4FBC756E188EB29A00417E13 /* menu-bar-icon-active.png */; };
		4FBC7571188EC62800417E13 /* appicon.png in Resources */ = {isa = PBXBuildFile; fileRef = 4FBC7570188EC62800417E13 /* appicon.png */; };
		4FBC75C41890096500417E13 /* menu-bar-icon-active-highlight.png in Resources */ = {isa = PBXBuildFile; fileRef = 4FBC75C31890096500417E13 /* menu-bar-icon-active-highlight.png */; };
		FBE368DB187C457A002224C2 /* HGstyle.plist in Resources */ = {isa = PBXBuildFile; fileRef = FBE368DA187C457A002224C2 /* HGstyle.plist */; };
		FBF42DEA1879E29F0051A2D0 /* menu-bar-icon-highlight.png in Resources */ = {isa = PBXBuildFile; fileRef = FBF42DE81879E29F0051A2D0 /* menu-bar-icon-highlight.png */; };
		FBF42DEB1879E29F0051A2D0 /* menu-bar-icon.png in Resources */ = {isa = PBXBuildFile; fileRef = FBF42DE91879E29F0051A2D0 /* menu-bar-icon.png */; };
/* End PBXBuildFile section */

/* Begin PBXContainerItemProxy section */
		4F7E5F85180AECC7003E54A8 /* PBXContainerItemProxy */ = {
			isa = PBXContainerItemProxy;
			containerPortal = 4F7E5F55180AECC7003E54A8 /* Project object */;
			proxyType = 1;
			remoteGlobalIDString = 4F7E5F5C180AECC7003E54A8;
			remoteInfo = hourglass;
		};
/* End PBXContainerItemProxy section */

/* Begin PBXFileReference section */
		4F10BEDA1816DA0B0000C3A6 /* HGMenuBarController.h */ = {isa = PBXFileReference; fileEncoding = 4; lastKnownFileType = sourcecode.c.h; path = HGMenuBarController.h; sourceTree = "<group>"; };
		4F10BEDB1816DA0B0000C3A6 /* HGMenuBarController.m */ = {isa = PBXFileReference; fileEncoding = 4; lastKnownFileType = sourcecode.c.objc; path = HGMenuBarController.m; sourceTree = "<group>"; };
		4F10BEDE1816EAF80000C3A6 /* Base */ = {isa = PBXFileReference; lastKnownFileType = file.xib; name = Base; path = Base.lproj/MainMenu.xib; sourceTree = "<group>"; };
		4F10BEDF1816EE090000C3A6 /* HGBackgroundView.h */ = {isa = PBXFileReference; fileEncoding = 4; lastKnownFileType = sourcecode.c.h; path = HGBackgroundView.h; sourceTree = "<group>"; };
		4F10BEE01816EE090000C3A6 /* HGBackgroundView.m */ = {isa = PBXFileReference; fileEncoding = 4; lastKnownFileType = sourcecode.c.objc; path = HGBackgroundView.m; sourceTree = "<group>"; };
		4F10BEE21817047A0000C3A6 /* HGPanelController.h */ = {isa = PBXFileReference; fileEncoding = 4; lastKnownFileType = sourcecode.c.h; path = HGPanelController.h; sourceTree = "<group>"; };
		4F10BEE31817047A0000C3A6 /* HGPanelController.m */ = {isa = PBXFileReference; fileEncoding = 4; lastKnownFileType = sourcecode.c.objc; path = HGPanelController.m; sourceTree = "<group>"; };
		4F10BEE41817047A0000C3A6 /* HGPanel.xib */ = {isa = PBXFileReference; fileEncoding = 4; lastKnownFileType = file.xib; path = HGPanel.xib; sourceTree = "<group>"; };
		4F68A8471826A308009E8FE7 /* HGTask.h */ = {isa = PBXFileReference; fileEncoding = 4; lastKnownFileType = sourcecode.c.h; path = HGTask.h; sourceTree = "<group>"; };
		4F68A8481826A308009E8FE7 /* HGTask.m */ = {isa = PBXFileReference; fileEncoding = 4; lastKnownFileType = sourcecode.c.objc; path = HGTask.m; sourceTree = "<group>"; };
		4F73FB69187320640004B856 /* icon-add-default.png */ = {isa = PBXFileReference; lastKnownFileType = image.png; name = "icon-add-default.png"; path = "Resources/icon-add-default.png"; sourceTree = "<group>"; };
		4F73FB6A187320640004B856 /* icon-add-default@2x.png */ = {isa = PBXFileReference; lastKnownFileType = image.png; name = "icon-add-default@2x.png"; path = "Resources/icon-add-default@2x.png"; sourceTree = "<group>"; };
		4F73FB6B187320640004B856 /* icon-add-pressed.png */ = {isa = PBXFileReference; lastKnownFileType = image.png; name = "icon-add-pressed.png"; path = "Resources/icon-add-pressed.png"; sourceTree = "<group>"; };
		4F73FB6C187320640004B856 /* icon-add-pressed@2x.png */ = {isa = PBXFileReference; lastKnownFileType = image.png; name = "icon-add-pressed@2x.png"; path = "Resources/icon-add-pressed@2x.png"; sourceTree = "<group>"; };
		4F73FB6D187320640004B856 /* icon-delete-active.png */ = {isa = PBXFileReference; lastKnownFileType = image.png; name = "icon-delete-active.png"; path = "Resources/icon-delete-active.png"; sourceTree = "<group>"; };
		4F73FB6E187320640004B856 /* icon-delete-active@2x.png */ = {isa = PBXFileReference; lastKnownFileType = image.png; name = "icon-delete-active@2x.png"; path = "Resources/icon-delete-active@2x.png"; sourceTree = "<group>"; };
		4F73FB6F187320640004B856 /* icon-delete-passive.png */ = {isa = PBXFileReference; lastKnownFileType = image.png; name = "icon-delete-passive.png"; path = "Resources/icon-delete-passive.png"; sourceTree = "<group>"; };
		4F73FB70187320640004B856 /* icon-delete-passive@2x.png */ = {isa = PBXFileReference; lastKnownFileType = image.png; name = "icon-delete-passive@2x.png"; path = "Resources/icon-delete-passive@2x.png"; sourceTree = "<group>"; };
		4F73FB71187320640004B856 /* icon-list-default.png */ = {isa = PBXFileReference; lastKnownFileType = image.png; name = "icon-list-default.png"; path = "Resources/icon-list-default.png"; sourceTree = "<group>"; };
		4F73FB72187320640004B856 /* icon-list-default@2x.png */ = {isa = PBXFileReference; lastKnownFileType = image.png; name = "icon-list-default@2x.png"; path = "Resources/icon-list-default@2x.png"; sourceTree = "<group>"; };
		4F73FB73187320640004B856 /* icon-list-hover.png */ = {isa = PBXFileReference; lastKnownFileType = image.png; name = "icon-list-hover.png"; path = "Resources/icon-list-hover.png"; sourceTree = "<group>"; };
		4F73FB74187320640004B856 /* icon-list-hover@2x.png */ = {isa = PBXFileReference; lastKnownFileType = image.png; name = "icon-list-hover@2x.png"; path = "Resources/icon-list-hover@2x.png"; sourceTree = "<group>"; };
		4F73FB75187320640004B856 /* icon-list-pressed.png */ = {isa = PBXFileReference; lastKnownFileType = image.png; name = "icon-list-pressed.png"; path = "Resources/icon-list-pressed.png"; sourceTree = "<group>"; };
		4F73FB76187320640004B856 /* icon-list-pressed@2x.png */ = {isa = PBXFileReference; lastKnownFileType = image.png; name = "icon-list-pressed@2x.png"; path = "Resources/icon-list-pressed@2x.png"; sourceTree = "<group>"; };
		4F73FB77187320640004B856 /* icon-pause-active.png */ = {isa = PBXFileReference; lastKnownFileType = image.png; name = "icon-pause-active.png"; path = "Resources/icon-pause-active.png"; sourceTree = "<group>"; };
		4F73FB78187320640004B856 /* icon-pause-active@2x.png */ = {isa = PBXFileReference; lastKnownFileType = image.png; name = "icon-pause-active@2x.png"; path = "Resources/icon-pause-active@2x.png"; sourceTree = "<group>"; };
		4F73FB79187320640004B856 /* icon-play-active.png */ = {isa = PBXFileReference; lastKnownFileType = image.png; name = "icon-play-active.png"; path = "Resources/icon-play-active.png"; sourceTree = "<group>"; };
		4F73FB7A187320640004B856 /* icon-play-active@2x.png */ = {isa = PBXFileReference; lastKnownFileType = image.png; name = "icon-play-active@2x.png"; path = "Resources/icon-play-active@2x.png"; sourceTree = "<group>"; };
		4F73FB7B187320640004B856 /* icon-play-passive.png */ = {isa = PBXFileReference; lastKnownFileType = image.png; name = "icon-play-passive.png"; path = "Resources/icon-play-passive.png"; sourceTree = "<group>"; };
		4F73FB7C187320640004B856 /* icon-play-passive@2x.png */ = {isa = PBXFileReference; lastKnownFileType = image.png; name = "icon-play-passive@2x.png"; path = "Resources/icon-play-passive@2x.png"; sourceTree = "<group>"; };
		4F73FB7D187320640004B856 /* icon-today-pressed.png */ = {isa = PBXFileReference; lastKnownFileType = image.png; name = "icon-today-pressed.png"; path = "Resources/icon-today-pressed.png"; sourceTree = "<group>"; };
		4F73FB7E187320640004B856 /* icon-today-pressed@2x.png */ = {isa = PBXFileReference; lastKnownFileType = image.png; name = "icon-today-pressed@2x.png"; path = "Resources/icon-today-pressed@2x.png"; sourceTree = "<group>"; };
		4F7E5F5D180AECC7003E54A8 /* hourglass.app */ = {isa = PBXFileReference; explicitFileType = wrapper.application; includeInIndex = 0; path = hourglass.app; sourceTree = BUILT_PRODUCTS_DIR; };
		4F7E5F60180AECC7003E54A8 /* Cocoa.framework */ = {isa = PBXFileReference; lastKnownFileType = wrapper.framework; name = Cocoa.framework; path = System/Library/Frameworks/Cocoa.framework; sourceTree = SDKROOT; };
		4F7E5F63180AECC7003E54A8 /* AppKit.framework */ = {isa = PBXFileReference; lastKnownFileType = wrapper.framework; name = AppKit.framework; path = System/Library/Frameworks/AppKit.framework; sourceTree = SDKROOT; };
		4F7E5F64180AECC7003E54A8 /* CoreData.framework */ = {isa = PBXFileReference; lastKnownFileType = wrapper.framework; name = CoreData.framework; path = System/Library/Frameworks/CoreData.framework; sourceTree = SDKROOT; };
		4F7E5F65180AECC7003E54A8 /* Foundation.framework */ = {isa = PBXFileReference; lastKnownFileType = wrapper.framework; name = Foundation.framework; path = System/Library/Frameworks/Foundation.framework; sourceTree = SDKROOT; };
		4F7E5F68180AECC7003E54A8 /* hourglass-Info.plist */ = {isa = PBXFileReference; lastKnownFileType = text.plist.xml; path = "hourglass-Info.plist"; sourceTree = "<group>"; };
		4F7E5F6A180AECC7003E54A8 /* en */ = {isa = PBXFileReference; lastKnownFileType = text.plist.strings; name = en; path = en.lproj/InfoPlist.strings; sourceTree = "<group>"; };
		4F7E5F6C180AECC7003E54A8 /* main.m */ = {isa = PBXFileReference; lastKnownFileType = sourcecode.c.objc; path = main.m; sourceTree = "<group>"; };
		4F7E5F6E180AECC7003E54A8 /* hourglass-Prefix.pch */ = {isa = PBXFileReference; lastKnownFileType = sourcecode.c.h; path = "hourglass-Prefix.pch"; sourceTree = "<group>"; };
		4F7E5F70180AECC7003E54A8 /* en */ = {isa = PBXFileReference; lastKnownFileType = text.rtf; name = en; path = en.lproj/Credits.rtf; sourceTree = "<group>"; };
		4F7E5F72180AECC7003E54A8 /* HGAppDelegate.h */ = {isa = PBXFileReference; lastKnownFileType = sourcecode.c.h; path = HGAppDelegate.h; sourceTree = "<group>"; };
		4F7E5F73180AECC7003E54A8 /* HGAppDelegate.m */ = {isa = PBXFileReference; lastKnownFileType = sourcecode.c.objc; path = HGAppDelegate.m; sourceTree = "<group>"; };
		4F7E5F79180AECC7003E54A8 /* hourglass.xcdatamodel */ = {isa = PBXFileReference; lastKnownFileType = wrapper.xcdatamodel; path = hourglass.xcdatamodel; sourceTree = "<group>"; };
		4F7E5F7B180AECC7003E54A8 /* Images.xcassets */ = {isa = PBXFileReference; lastKnownFileType = folder.assetcatalog; path = Images.xcassets; sourceTree = "<group>"; };
		4F7E5F81180AECC7003E54A8 /* hourglassTests.xctest */ = {isa = PBXFileReference; explicitFileType = wrapper.cfbundle; includeInIndex = 0; path = hourglassTests.xctest; sourceTree = BUILT_PRODUCTS_DIR; };
		4F7E5F82180AECC7003E54A8 /* XCTest.framework */ = {isa = PBXFileReference; lastKnownFileType = wrapper.framework; name = XCTest.framework; path = Library/Frameworks/XCTest.framework; sourceTree = DEVELOPER_DIR; };
		4F7E5F89180AECC7003E54A8 /* hourglassTests-Info.plist */ = {isa = PBXFileReference; lastKnownFileType = text.plist.xml; path = "hourglassTests-Info.plist"; sourceTree = "<group>"; };
		4F7E5F8B180AECC7003E54A8 /* en */ = {isa = PBXFileReference; lastKnownFileType = text.plist.strings; name = en; path = en.lproj/InfoPlist.strings; sourceTree = "<group>"; };
		4F7E5F8D180AECC7003E54A8 /* hourglassTests.m */ = {isa = PBXFileReference; lastKnownFileType = sourcecode.c.objc; path = hourglassTests.m; sourceTree = "<group>"; };
		4F7E5F9B180AF0E8003E54A8 /* HGPanel.h */ = {isa = PBXFileReference; fileEncoding = 4; lastKnownFileType = sourcecode.c.h; path = HGPanel.h; sourceTree = "<group>"; };
		4F7E5F9C180AF0E8003E54A8 /* HGPanel.m */ = {isa = PBXFileReference; fileEncoding = 4; lastKnownFileType = sourcecode.c.objc; path = HGPanel.m; sourceTree = "<group>"; };
		4F7E5F9E180AF3DD003E54A8 /* HGStatusItemView.h */ = {isa = PBXFileReference; fileEncoding = 4; lastKnownFileType = sourcecode.c.h; path = HGStatusItemView.h; sourceTree = "<group>"; };
		4F7E5F9F180AF3DD003E54A8 /* HGStatusItemView.m */ = {isa = PBXFileReference; fileEncoding = 4; lastKnownFileType = sourcecode.c.objc; path = HGStatusItemView.m; sourceTree = "<group>"; };
		4F93ED3D1872273000486056 /* QuartzCore.framework */ = {isa = PBXFileReference; lastKnownFileType = wrapper.framework; name = QuartzCore.framework; path = System/Library/Frameworks/QuartzCore.framework; sourceTree = SDKROOT; };
		4FBC756E188EB29A00417E13 /* menu-bar-icon-active.png */ = {isa = PBXFileReference; lastKnownFileType = image.png; name = "menu-bar-icon-active.png"; path = "Resources/menu-bar-icon-active.png"; sourceTree = "<group>"; };
		4FBC7570188EC62800417E13 /* appicon.png */ = {isa = PBXFileReference; lastKnownFileType = image.png; name = appicon.png; path = Resources/appicon.png; sourceTree = "<group>"; };
		4FBC75C31890096500417E13 /* menu-bar-icon-active-highlight.png */ = {isa = PBXFileReference; lastKnownFileType = image.png; name = "menu-bar-icon-active-highlight.png"; path = "Resources/menu-bar-icon-active-highlight.png"; sourceTree = "<group>"; };
		FBE368DA187C457A002224C2 /* HGstyle.plist */ = {isa = PBXFileReference; fileEncoding = 4; lastKnownFileType = text.plist.xml; name = HGstyle.plist; path = Resources/HGstyle.plist; sourceTree = "<group>"; };
		FBF42DE81879E29F0051A2D0 /* menu-bar-icon-highlight.png */ = {isa = PBXFileReference; lastKnownFileType = image.png; name = "menu-bar-icon-highlight.png"; path = "Resources/menu-bar-icon-highlight.png"; sourceTree = "<group>"; };
		FBF42DE91879E29F0051A2D0 /* menu-bar-icon.png */ = {isa = PBXFileReference; lastKnownFileType = image.png; name = "menu-bar-icon.png"; path = "Resources/menu-bar-icon.png"; sourceTree = "<group>"; };
/* End PBXFileReference section */

/* Begin PBXFrameworksBuildPhase section */
		4F7E5F5A180AECC7003E54A8 /* Frameworks */ = {
			isa = PBXFrameworksBuildPhase;
			buildActionMask = 2147483647;
			files = (
				4F3130FD18732B9200BD276F /* Cocoa.framework in Frameworks */,
				4F93ED3E1872273000486056 /* QuartzCore.framework in Frameworks */,
			);
			runOnlyForDeploymentPostprocessing = 0;
		};
		4F7E5F7E180AECC7003E54A8 /* Frameworks */ = {
			isa = PBXFrameworksBuildPhase;
			buildActionMask = 2147483647;
			files = (
				4F7E5F84180AECC7003E54A8 /* Cocoa.framework in Frameworks */,
				4F7E5F83180AECC7003E54A8 /* XCTest.framework in Frameworks */,
			);
			runOnlyForDeploymentPostprocessing = 0;
		};
/* End PBXFrameworksBuildPhase section */

/* Begin PBXGroup section */
		4F4AED5A1872C0DB005127BE /* Resources */ = {
			isa = PBXGroup;
			children = (
				4FBC75C31890096500417E13 /* menu-bar-icon-active-highlight.png */,
				4FBC7570188EC62800417E13 /* appicon.png */,
				4FBC756E188EB29A00417E13 /* menu-bar-icon-active.png */,
				FBE368DA187C457A002224C2 /* HGstyle.plist */,
				FBF42DE81879E29F0051A2D0 /* menu-bar-icon-highlight.png */,
				FBF42DE91879E29F0051A2D0 /* menu-bar-icon.png */,
				4F73FB69187320640004B856 /* icon-add-default.png */,
				4F73FB6A187320640004B856 /* icon-add-default@2x.png */,
				4F73FB6B187320640004B856 /* icon-add-pressed.png */,
				4F73FB6C187320640004B856 /* icon-add-pressed@2x.png */,
				4F73FB6D187320640004B856 /* icon-delete-active.png */,
				4F73FB6E187320640004B856 /* icon-delete-active@2x.png */,
				4F73FB6F187320640004B856 /* icon-delete-passive.png */,
				4F73FB70187320640004B856 /* icon-delete-passive@2x.png */,
				4F73FB71187320640004B856 /* icon-list-default.png */,
				4F73FB72187320640004B856 /* icon-list-default@2x.png */,
				4F73FB73187320640004B856 /* icon-list-hover.png */,
				4F73FB74187320640004B856 /* icon-list-hover@2x.png */,
				4F73FB75187320640004B856 /* icon-list-pressed.png */,
				4F73FB76187320640004B856 /* icon-list-pressed@2x.png */,
				4F73FB77187320640004B856 /* icon-pause-active.png */,
				4F73FB78187320640004B856 /* icon-pause-active@2x.png */,
				4F73FB79187320640004B856 /* icon-play-active.png */,
				4F73FB7A187320640004B856 /* icon-play-active@2x.png */,
				4F73FB7B187320640004B856 /* icon-play-passive.png */,
				4F73FB7C187320640004B856 /* icon-play-passive@2x.png */,
				4F73FB7D187320640004B856 /* icon-today-pressed.png */,
				4F73FB7E187320640004B856 /* icon-today-pressed@2x.png */,
			);
			name = Resources;
			sourceTree = "<group>";
		};
		4F7E5F54180AECC7003E54A8 = {
			isa = PBXGroup;
			children = (
				4F7E5F66180AECC7003E54A8 /* hourglass */,
				4F7E5F87180AECC7003E54A8 /* hourglassTests */,
				4F7E5F5F180AECC7003E54A8 /* Frameworks */,
				4F7E5F5E180AECC7003E54A8 /* Products */,
			);
			sourceTree = "<group>";
		};
		4F7E5F5E180AECC7003E54A8 /* Products */ = {
			isa = PBXGroup;
			children = (
				4F7E5F5D180AECC7003E54A8 /* hourglass.app */,
				4F7E5F81180AECC7003E54A8 /* hourglassTests.xctest */,
			);
			name = Products;
			sourceTree = "<group>";
		};
		4F7E5F5F180AECC7003E54A8 /* Frameworks */ = {
			isa = PBXGroup;
			children = (
				4F93ED3D1872273000486056 /* QuartzCore.framework */,
				4F7E5F60180AECC7003E54A8 /* Cocoa.framework */,
				4F7E5F82180AECC7003E54A8 /* XCTest.framework */,
				4F7E5F62180AECC7003E54A8 /* Other Frameworks */,
			);
			name = Frameworks;
			sourceTree = "<group>";
		};
		4F7E5F62180AECC7003E54A8 /* Other Frameworks */ = {
			isa = PBXGroup;
			children = (
				4F7E5F63180AECC7003E54A8 /* AppKit.framework */,
				4F7E5F64180AECC7003E54A8 /* CoreData.framework */,
				4F7E5F65180AECC7003E54A8 /* Foundation.framework */,
			);
			name = "Other Frameworks";
			sourceTree = "<group>";
		};
		4F7E5F66180AECC7003E54A8 /* hourglass */ = {
			isa = PBXGroup;
			children = (
				4F4AED5A1872C0DB005127BE /* Resources */,
				4F7E5F97180AECD9003E54A8 /* Model */,
				4F7E5F99180AECF1003E54A8 /* View */,
				4F7E5F9A180AECFB003E54A8 /* Controller */,
				4F7E5F7B180AECC7003E54A8 /* Images.xcassets */,
				4F7E5F78180AECC7003E54A8 /* hourglass.xcdatamodeld */,
				4F7E5F67180AECC7003E54A8 /* Supporting Files */,
			);
			path = hourglass;
			sourceTree = "<group>";
		};
		4F7E5F67180AECC7003E54A8 /* Supporting Files */ = {
			isa = PBXGroup;
			children = (
				4F7E5F68180AECC7003E54A8 /* hourglass-Info.plist */,
				4F7E5F69180AECC7003E54A8 /* InfoPlist.strings */,
				4F7E5F6C180AECC7003E54A8 /* main.m */,
				4F7E5F6E180AECC7003E54A8 /* hourglass-Prefix.pch */,
				4F7E5F6F180AECC7003E54A8 /* Credits.rtf */,
			);
			name = "Supporting Files";
			sourceTree = "<group>";
		};
		4F7E5F87180AECC7003E54A8 /* hourglassTests */ = {
			isa = PBXGroup;
			children = (
				4F7E5F8D180AECC7003E54A8 /* hourglassTests.m */,
				4F7E5F88180AECC7003E54A8 /* Supporting Files */,
			);
			path = hourglassTests;
			sourceTree = "<group>";
		};
		4F7E5F88180AECC7003E54A8 /* Supporting Files */ = {
			isa = PBXGroup;
			children = (
				4F7E5F89180AECC7003E54A8 /* hourglassTests-Info.plist */,
				4F7E5F8A180AECC7003E54A8 /* InfoPlist.strings */,
			);
			name = "Supporting Files";
			sourceTree = "<group>";
		};
		4F7E5F97180AECD9003E54A8 /* Model */ = {
			isa = PBXGroup;
			children = (
				4F68A8471826A308009E8FE7 /* HGTask.h */,
				4F68A8481826A308009E8FE7 /* HGTask.m */,
			);
			name = Model;
			sourceTree = "<group>";
		};
		4F7E5F99180AECF1003E54A8 /* View */ = {
			isa = PBXGroup;
			children = (
				4F7E5F75180AECC7003E54A8 /* MainMenu.xib */,
				4F10BEE41817047A0000C3A6 /* HGPanel.xib */,
				4F7E5F9B180AF0E8003E54A8 /* HGPanel.h */,
				4F7E5F9C180AF0E8003E54A8 /* HGPanel.m */,
				4F10BEDF1816EE090000C3A6 /* HGBackgroundView.h */,
				4F10BEE01816EE090000C3A6 /* HGBackgroundView.m */,
				4F7E5F9E180AF3DD003E54A8 /* HGStatusItemView.h */,
				4F7E5F9F180AF3DD003E54A8 /* HGStatusItemView.m */,
			);
			name = View;
			sourceTree = "<group>";
		};
		4F7E5F9A180AECFB003E54A8 /* Controller */ = {
			isa = PBXGroup;
			children = (
				4F7E5F72180AECC7003E54A8 /* HGAppDelegate.h */,
				4F7E5F73180AECC7003E54A8 /* HGAppDelegate.m */,
				4F10BEDA1816DA0B0000C3A6 /* HGMenuBarController.h */,
				4F10BEDB1816DA0B0000C3A6 /* HGMenuBarController.m */,
				4F10BEE21817047A0000C3A6 /* HGPanelController.h */,
				4F10BEE31817047A0000C3A6 /* HGPanelController.m */,
			);
			name = Controller;
			sourceTree = "<group>";
		};
/* End PBXGroup section */

/* Begin PBXNativeTarget section */
		4F7E5F5C180AECC7003E54A8 /* hourglass */ = {
			isa = PBXNativeTarget;
			buildConfigurationList = 4F7E5F91180AECC7003E54A8 /* Build configuration list for PBXNativeTarget "hourglass" */;
			buildPhases = (
				4F7E5F59180AECC7003E54A8 /* Sources */,
				4F7E5F5A180AECC7003E54A8 /* Frameworks */,
				4F7E5F5B180AECC7003E54A8 /* Resources */,
			);
			buildRules = (
			);
			dependencies = (
			);
			name = hourglass;
			productName = hourglass;
			productReference = 4F7E5F5D180AECC7003E54A8 /* hourglass.app */;
			productType = "com.apple.product-type.application";
		};
		4F7E5F80180AECC7003E54A8 /* hourglassTests */ = {
			isa = PBXNativeTarget;
			buildConfigurationList = 4F7E5F94180AECC7003E54A8 /* Build configuration list for PBXNativeTarget "hourglassTests" */;
			buildPhases = (
				4F7E5F7D180AECC7003E54A8 /* Sources */,
				4F7E5F7E180AECC7003E54A8 /* Frameworks */,
				4F7E5F7F180AECC7003E54A8 /* Resources */,
			);
			buildRules = (
			);
			dependencies = (
				4F7E5F86180AECC7003E54A8 /* PBXTargetDependency */,
			);
			name = hourglassTests;
			productName = hourglassTests;
			productReference = 4F7E5F81180AECC7003E54A8 /* hourglassTests.xctest */;
			productType = "com.apple.product-type.bundle.unit-test";
		};
/* End PBXNativeTarget section */

/* Begin PBXProject section */
		4F7E5F55180AECC7003E54A8 /* Project object */ = {
			isa = PBXProject;
			attributes = {
				CLASSPREFIX = HG;
				LastUpgradeCheck = 0500;
				ORGANIZATIONNAME = hourglass;
				TargetAttributes = {
					4F7E5F80180AECC7003E54A8 = {
						TestTargetID = 4F7E5F5C180AECC7003E54A8;
					};
				};
			};
			buildConfigurationList = 4F7E5F58180AECC7003E54A8 /* Build configuration list for PBXProject "hourglass" */;
			compatibilityVersion = "Xcode 3.2";
			developmentRegion = English;
			hasScannedForEncodings = 0;
			knownRegions = (
				en,
				Base,
			);
			mainGroup = 4F7E5F54180AECC7003E54A8;
			productRefGroup = 4F7E5F5E180AECC7003E54A8 /* Products */;
			projectDirPath = "";
			projectRoot = "";
			targets = (
				4F7E5F5C180AECC7003E54A8 /* hourglass */,
				4F7E5F80180AECC7003E54A8 /* hourglassTests */,
			);
		};
/* End PBXProject section */

/* Begin PBXResourcesBuildPhase section */
		4F7E5F5B180AECC7003E54A8 /* Resources */ = {
			isa = PBXResourcesBuildPhase;
			buildActionMask = 2147483647;
			files = (
				4F7E5F6B180AECC7003E54A8 /* InfoPlist.strings in Resources */,
				FBF42DEB1879E29F0051A2D0 /* menu-bar-icon.png in Resources */,
				4F73FB90187320640004B856 /* icon-play-active@2x.png in Resources */,
				4F73FB83187320640004B856 /* icon-delete-active.png in Resources */,
				4F73FB94187320640004B856 /* icon-today-pressed@2x.png in Resources */,
				4FBC75C41890096500417E13 /* menu-bar-icon-active-highlight.png in Resources */,
				4F73FB8C187320640004B856 /* icon-list-pressed@2x.png in Resources */,
				4F73FB82187320640004B856 /* icon-add-pressed@2x.png in Resources */,
				4F73FB85187320640004B856 /* icon-delete-passive.png in Resources */,
				4FBC7571188EC62800417E13 /* appicon.png in Resources */,
				4F73FB81187320640004B856 /* icon-add-pressed.png in Resources */,
				4F73FB8F187320640004B856 /* icon-play-active.png in Resources */,
				4F7E5F7C180AECC7003E54A8 /* Images.xcassets in Resources */,
				4FBC756F188EB29A00417E13 /* menu-bar-icon-active.png in Resources */,
				4F73FB86187320640004B856 /* icon-delete-passive@2x.png in Resources */,
				4F73FB8B187320640004B856 /* icon-list-pressed.png in Resources */,
				4F73FB92187320640004B856 /* icon-play-passive@2x.png in Resources */,
				4F73FB84187320640004B856 /* icon-delete-active@2x.png in Resources */,
				4F73FB91187320640004B856 /* icon-play-passive.png in Resources */,
				4F73FB7F187320640004B856 /* icon-add-default.png in Resources */,
				4F73FB89187320640004B856 /* icon-list-hover.png in Resources */,
				4F73FB80187320640004B856 /* icon-add-default@2x.png in Resources */,
				4F73FB8D187320640004B856 /* icon-pause-active.png in Resources */,
				4F73FB8E187320640004B856 /* icon-pause-active@2x.png in Resources */,
				4F73FB93187320640004B856 /* icon-today-pressed.png in Resources */,
				4F73FB88187320640004B856 /* icon-list-default@2x.png in Resources */,
				4F73FB87187320640004B856 /* icon-list-default.png in Resources */,
				4F10BEE61817047A0000C3A6 /* HGPanel.xib in Resources */,
				FBE368DB187C457A002224C2 /* HGstyle.plist in Resources */,
				FBF42DEA1879E29F0051A2D0 /* menu-bar-icon-highlight.png in Resources */,
				4F7E5F71180AECC7003E54A8 /* Credits.rtf in Resources */,
				4F7E5F77180AECC7003E54A8 /* MainMenu.xib in Resources */,
				4F73FB8A187320640004B856 /* icon-list-hover@2x.png in Resources */,
			);
			runOnlyForDeploymentPostprocessing = 0;
		};
		4F7E5F7F180AECC7003E54A8 /* Resources */ = {
			isa = PBXResourcesBuildPhase;
			buildActionMask = 2147483647;
			files = (
				4F7E5F8C180AECC7003E54A8 /* InfoPlist.strings in Resources */,
			);
			runOnlyForDeploymentPostprocessing = 0;
		};
/* End PBXResourcesBuildPhase section */

/* Begin PBXSourcesBuildPhase section */
		4F7E5F59180AECC7003E54A8 /* Sources */ = {
			isa = PBXSourcesBuildPhase;
			buildActionMask = 2147483647;
			files = (
				4F7E5F6D180AECC7003E54A8 /* main.m in Sources */,
				4F10BEDC1816DA0B0000C3A6 /* HGMenuBarController.m in Sources */,
				4F7E5FA0180AF3DD003E54A8 /* HGStatusItemView.m in Sources */,
				4F10BEE11816EE090000C3A6 /* HGBackgroundView.m in Sources */,
				4F7E5F74180AECC7003E54A8 /* HGAppDelegate.m in Sources */,
				4F10BEE51817047A0000C3A6 /* HGPanelController.m in Sources */,
				4F68A8491826A308009E8FE7 /* HGTask.m in Sources */,
				4F7E5F7A180AECC7003E54A8 /* hourglass.xcdatamodeld in Sources */,
				4F7E5F9D180AF0E8003E54A8 /* HGPanel.m in Sources */,
			);
			runOnlyForDeploymentPostprocessing = 0;
		};
		4F7E5F7D180AECC7003E54A8 /* Sources */ = {
			isa = PBXSourcesBuildPhase;
			buildActionMask = 2147483647;
			files = (
				4F7E5F8E180AECC7003E54A8 /* hourglassTests.m in Sources */,
			);
			runOnlyForDeploymentPostprocessing = 0;
		};
/* End PBXSourcesBuildPhase section */

/* Begin PBXTargetDependency section */
		4F7E5F86180AECC7003E54A8 /* PBXTargetDependency */ = {
			isa = PBXTargetDependency;
			target = 4F7E5F5C180AECC7003E54A8 /* hourglass */;
			targetProxy = 4F7E5F85180AECC7003E54A8 /* PBXContainerItemProxy */;
		};
/* End PBXTargetDependency section */

/* Begin PBXVariantGroup section */
		4F7E5F69180AECC7003E54A8 /* InfoPlist.strings */ = {
			isa = PBXVariantGroup;
			children = (
				4F7E5F6A180AECC7003E54A8 /* en */,
			);
			name = InfoPlist.strings;
			sourceTree = "<group>";
		};
		4F7E5F6F180AECC7003E54A8 /* Credits.rtf */ = {
			isa = PBXVariantGroup;
			children = (
				4F7E5F70180AECC7003E54A8 /* en */,
			);
			name = Credits.rtf;
			sourceTree = "<group>";
		};
		4F7E5F75180AECC7003E54A8 /* MainMenu.xib */ = {
			isa = PBXVariantGroup;
			children = (
				4F10BEDE1816EAF80000C3A6 /* Base */,
			);
			name = MainMenu.xib;
			sourceTree = "<group>";
		};
		4F7E5F8A180AECC7003E54A8 /* InfoPlist.strings */ = {
			isa = PBXVariantGroup;
			children = (
				4F7E5F8B180AECC7003E54A8 /* en */,
			);
			name = InfoPlist.strings;
			sourceTree = "<group>";
		};
/* End PBXVariantGroup section */

/* Begin XCBuildConfiguration section */
		4F7E5F8F180AECC7003E54A8 /* Debug */ = {
			isa = XCBuildConfiguration;
			buildSettings = {
				ALWAYS_SEARCH_USER_PATHS = NO;
				CLANG_CXX_LANGUAGE_STANDARD = "gnu++0x";
				CLANG_CXX_LIBRARY = "libc++";
				CLANG_ENABLE_OBJC_ARC = YES;
				CLANG_WARN_BOOL_CONVERSION = YES;
				CLANG_WARN_CONSTANT_CONVERSION = YES;
				CLANG_WARN_DIRECT_OBJC_ISA_USAGE = YES_ERROR;
				CLANG_WARN_EMPTY_BODY = YES;
				CLANG_WARN_ENUM_CONVERSION = YES;
				CLANG_WARN_INT_CONVERSION = YES;
				CLANG_WARN_OBJC_ROOT_CLASS = YES_ERROR;
				CLANG_WARN__DUPLICATE_METHOD_MATCH = YES;
				COPY_PHASE_STRIP = NO;
				GCC_C_LANGUAGE_STANDARD = gnu99;
				GCC_DYNAMIC_NO_PIC = NO;
				GCC_ENABLE_OBJC_EXCEPTIONS = YES;
				GCC_OPTIMIZATION_LEVEL = 0;
				GCC_PREPROCESSOR_DEFINITIONS = (
					"DEBUG=1",
					"$(inherited)",
				);
				GCC_SYMBOLS_PRIVATE_EXTERN = NO;
				GCC_WARN_64_TO_32_BIT_CONVERSION = YES;
				GCC_WARN_ABOUT_RETURN_TYPE = YES_ERROR;
				GCC_WARN_UNDECLARED_SELECTOR = YES;
				GCC_WARN_UNINITIALIZED_AUTOS = YES;
				GCC_WARN_UNUSED_FUNCTION = YES;
				GCC_WARN_UNUSED_VARIABLE = YES;
				MACOSX_DEPLOYMENT_TARGET = 10.8;
				ONLY_ACTIVE_ARCH = YES;
				SDKROOT = macosx;
			};
			name = Debug;
		};
		4F7E5F90180AECC7003E54A8 /* Release */ = {
			isa = XCBuildConfiguration;
			buildSettings = {
				ALWAYS_SEARCH_USER_PATHS = NO;
				CLANG_CXX_LANGUAGE_STANDARD = "gnu++0x";
				CLANG_CXX_LIBRARY = "libc++";
				CLANG_ENABLE_OBJC_ARC = YES;
				CLANG_WARN_BOOL_CONVERSION = YES;
				CLANG_WARN_CONSTANT_CONVERSION = YES;
				CLANG_WARN_DIRECT_OBJC_ISA_USAGE = YES_ERROR;
				CLANG_WARN_EMPTY_BODY = YES;
				CLANG_WARN_ENUM_CONVERSION = YES;
				CLANG_WARN_INT_CONVERSION = YES;
				CLANG_WARN_OBJC_ROOT_CLASS = YES_ERROR;
				CLANG_WARN__DUPLICATE_METHOD_MATCH = YES;
				COPY_PHASE_STRIP = YES;
				DEBUG_INFORMATION_FORMAT = "dwarf-with-dsym";
				ENABLE_NS_ASSERTIONS = NO;
				GCC_C_LANGUAGE_STANDARD = gnu99;
				GCC_ENABLE_OBJC_EXCEPTIONS = YES;
				GCC_WARN_64_TO_32_BIT_CONVERSION = YES;
				GCC_WARN_ABOUT_RETURN_TYPE = YES_ERROR;
				GCC_WARN_UNDECLARED_SELECTOR = YES;
				GCC_WARN_UNINITIALIZED_AUTOS = YES;
				GCC_WARN_UNUSED_FUNCTION = YES;
				GCC_WARN_UNUSED_VARIABLE = YES;
				MACOSX_DEPLOYMENT_TARGET = 10.8;
				ONLY_ACTIVE_ARCH = YES;
				SDKROOT = macosx;
			};
			name = Release;
		};
		4F7E5F92180AECC7003E54A8 /* Debug */ = {
			isa = XCBuildConfiguration;
			buildSettings = {
				ASSETCATALOG_COMPILER_APPICON_NAME = AppIcon;
				COMBINE_HIDPI_IMAGES = YES;
				GCC_PRECOMPILE_PREFIX_HEADER = YES;
				GCC_PREFIX_HEADER = "hourglass/hourglass-Prefix.pch";
				INFOPLIST_FILE = "hourglass/hourglass-Info.plist";
				PRODUCT_NAME = "$(TARGET_NAME)";
				WRAPPER_EXTENSION = app;
			};
			name = Debug;
		};
		4F7E5F93180AECC7003E54A8 /* Release */ = {
			isa = XCBuildConfiguration;
			buildSettings = {
				ASSETCATALOG_COMPILER_APPICON_NAME = AppIcon;
				COMBINE_HIDPI_IMAGES = YES;
				GCC_PRECOMPILE_PREFIX_HEADER = YES;
				GCC_PREFIX_HEADER = "hourglass/hourglass-Prefix.pch";
				INFOPLIST_FILE = "hourglass/hourglass-Info.plist";
				PRODUCT_NAME = "$(TARGET_NAME)";
				WRAPPER_EXTENSION = app;
			};
			name = Release;
		};
		4F7E5F95180AECC7003E54A8 /* Debug */ = {
			isa = XCBuildConfiguration;
			buildSettings = {
				BUNDLE_LOADER = "$(BUILT_PRODUCTS_DIR)/hourglass.app/Contents/MacOS/hourglass";
				COMBINE_HIDPI_IMAGES = YES;
				FRAMEWORK_SEARCH_PATHS = (
					"$(DEVELOPER_FRAMEWORKS_DIR)",
					"$(inherited)",
				);
				GCC_PRECOMPILE_PREFIX_HEADER = YES;
				GCC_PREFIX_HEADER = "hourglass/hourglass-Prefix.pch";
				GCC_PREPROCESSOR_DEFINITIONS = (
					"DEBUG=1",
					"$(inherited)",
				);
				INFOPLIST_FILE = "hourglassTests/hourglassTests-Info.plist";
				PRODUCT_NAME = "$(TARGET_NAME)";
				TEST_HOST = "$(BUNDLE_LOADER)";
				WRAPPER_EXTENSION = xctest;
			};
			name = Debug;
		};
		4F7E5F96180AECC7003E54A8 /* Release */ = {
			isa = XCBuildConfiguration;
			buildSettings = {
				BUNDLE_LOADER = "$(BUILT_PRODUCTS_DIR)/hourglass.app/Contents/MacOS/hourglass";
				COMBINE_HIDPI_IMAGES = YES;
				FRAMEWORK_SEARCH_PATHS = (
					"$(DEVELOPER_FRAMEWORKS_DIR)",
					"$(inherited)",
				);
				GCC_PRECOMPILE_PREFIX_HEADER = YES;
				GCC_PREFIX_HEADER = "hourglass/hourglass-Prefix.pch";
				INFOPLIST_FILE = "hourglassTests/hourglassTests-Info.plist";
				PRODUCT_NAME = "$(TARGET_NAME)";
				TEST_HOST = "$(BUNDLE_LOADER)";
				WRAPPER_EXTENSION = xctest;
			};
			name = Release;
		};
/* End XCBuildConfiguration section */

/* Begin XCConfigurationList section */
		4F7E5F58180AECC7003E54A8 /* Build configuration list for PBXProject "hourglass" */ = {
			isa = XCConfigurationList;
			buildConfigurations = (
				4F7E5F8F180AECC7003E54A8 /* Debug */,
				4F7E5F90180AECC7003E54A8 /* Release */,
			);
			defaultConfigurationIsVisible = 0;
			defaultConfigurationName = Release;
		};
		4F7E5F91180AECC7003E54A8 /* Build configuration list for PBXNativeTarget "hourglass" */ = {
			isa = XCConfigurationList;
			buildConfigurations = (
				4F7E5F92180AECC7003E54A8 /* Debug */,
				4F7E5F93180AECC7003E54A8 /* Release */,
			);
			defaultConfigurationIsVisible = 0;
			defaultConfigurationName = Release;
		};
		4F7E5F94180AECC7003E54A8 /* Build configuration list for PBXNativeTarget "hourglassTests" */ = {
			isa = XCConfigurationList;
			buildConfigurations = (
				4F7E5F95180AECC7003E54A8 /* Debug */,
				4F7E5F96180AECC7003E54A8 /* Release */,
			);
			defaultConfigurationIsVisible = 0;
			defaultConfigurationName = Release;
		};
/* End XCConfigurationList section */

/* Begin XCVersionGroup section */
		4F7E5F78180AECC7003E54A8 /* hourglass.xcdatamodeld */ = {
			isa = XCVersionGroup;
			children = (
				4F7E5F79180AECC7003E54A8 /* hourglass.xcdatamodel */,
			);
			currentVersion = 4F7E5F79180AECC7003E54A8 /* hourglass.xcdatamodel */;
			path = hourglass.xcdatamodeld;
			sourceTree = "<group>";
			versionGroupType = wrapper.xcdatamodel;
		};
/* End XCVersionGroup section */
	};
	rootObject = 4F7E5F55180AECC7003E54A8 /* Project object */;
}
